
Microsoft Visual Studio Solution File, Format Version 12.00
# Visual Studio 15
VisualStudioVersion = 15.0.28307.705
MinimumVisualStudioVersion = 10.0.40219.1
Project("{FAE04EC0-301F-11D3-BF4B-00C04F79EFBC}") = "appinit-test-dotnet", "appinit-test-dotnet\appinit-test-dotnet.csproj", "{311187E0-EC6A-4D7E-8A44-492141BBE941}"
EndProject
Project("{9A19103F-16F7-4668-BE54-9A1E7A4F7556}") = "appinit-test-dotnetcore", "appinit-test-dotnetcore\appinit-test-dotnetcore.csproj", "{76CE70C9-AA21-4BA5-8E49-D46F4CDED32C}"
EndProject
Global
	GlobalSection(SolutionConfigurationPlatforms) = preSolution
		Debug|Any CPU = Debug|Any CPU
		Release|Any CPU = Release|Any CPU
	EndGlobalSection
	GlobalSection(ProjectConfigurationPlatforms) = postSolution
		{311187E0-EC6A-4D7E-8A44-492141BBE941}.Debug|Any CPU.ActiveCfg = Debug|Any CPU
		{311187E0-EC6A-4D7E-8A44-492141BBE941}.Debug|Any CPU.Build.0 = Debug|Any CPU
		{311187E0-EC6A-4D7E-8A44-492141BBE941}.Release|Any CPU.ActiveCfg = Release|Any CPU
		{311187E0-EC6A-4D7E-8A44-492141BBE941}.Release|Any CPU.Build.0 = Release|Any CPU
		{76CE70C9-AA21-4BA5-8E49-D46F4CDED32C}.Debug|Any CPU.ActiveCfg = Debug|Any CPU
		{76CE70C9-AA21-4BA5-8E49-D46F4CDED32C}.Debug|Any CPU.Build.0 = Debug|Any CPU
		{76CE70C9-AA21-4BA5-8E49-D46F4CDED32C}.Release|Any CPU.ActiveCfg = Release|Any CPU
		{76CE70C9-AA21-4BA5-8E49-D46F4CDED32C}.Release|Any CPU.Build.0 = Release|Any CPU
	EndGlobalSection
	GlobalSection(SolutionProperties) = preSolution
		HideSolutionNode = FALSE
	EndGlobalSection
	GlobalSection(ExtensibilityGlobals) = postSolution
		SolutionGuid = {E2D2E5DB-4EFF-43FA-93B4-17EE33E9F252}
	EndGlobalSection
EndGlobal
